// !$*UTF8*$!
{
	archiveVersion = 1;
	classes = {
	};
	objectVersion = 77;
	objects = {

/* Begin PBXBuildFile section */
		1444ED2A75435191A47B389D /* Pods_iostestone_iostestoneUITests.framework in Frameworks */ = {isa = PBXBuildFile; fileRef = 0E24C6BF39364156DEF42743 /* Pods_iostestone_iostestoneUITests.framework */; };
		D465A41F40B56A67573D1646 /* Pods_iostestoneTests.framework in Frameworks */ = {isa = PBXBuildFile; fileRef = 44C9FF23779E3D3FC2B3845F /* Pods_iostestoneTests.framework */; };
		F183678E0CC791DB3B121688 /* Pods_iostestone.framework in Frameworks */ = {isa = PBXBuildFile; fileRef = DD6CD9F9C2C205D2EE6B2BF2 /* Pods_iostestone.framework */; };
/* End PBXBuildFile section */

/* Begin PBXContainerItemProxy section */
		5701111B2DC1C00B00E1CC62 /* PBXContainerItemProxy */ = {
			isa = PBXContainerItemProxy;
			containerPortal = 570110FC2DC1C00800E1CC62 /* Project object */;
			proxyType = 1;
			remoteGlobalIDString = 570111032DC1C00800E1CC62;
			remoteInfo = iostestone;
		};
		570111252DC1C00B00E1CC62 /* PBXContainerItemProxy */ = {
			isa = PBXContainerItemProxy;
			containerPortal = 570110FC2DC1C00800E1CC62 /* Project object */;
			proxyType = 1;
			remoteGlobalIDString = 570111032DC1C00800E1CC62;
			remoteInfo = iostestone;
		};
/* End PBXContainerItemProxy section */

/* Begin PBXFileReference section */
		0CFDFAEEE2D25BEC60B7B811 /* Pods-iostestone-iostestoneUITests.release.xcconfig */ = {isa = PBXFileReference; includeInIndex = 1; lastKnownFileType = text.xcconfig; name = "Pods-iostestone-iostestoneUITests.release.xcconfig"; path = "Target Support Files/Pods-iostestone-iostestoneUITests/Pods-iostestone-iostestoneUITests.release.xcconfig"; sourceTree = "<group>"; };
		0E24C6BF39364156DEF42743 /* Pods_iostestone_iostestoneUITests.framework */ = {isa = PBXFileReference; explicitFileType = wrapper.framework; includeInIndex = 0; path = Pods_iostestone_iostestoneUITests.framework; sourceTree = BUILT_PRODUCTS_DIR; };
		2C1FA8B9192984F0AE7C48F7 /* Pods-iostestoneTests.release.xcconfig */ = {isa = PBXFileReference; includeInIndex = 1; lastKnownFileType = text.xcconfig; name = "Pods-iostestoneTests.release.xcconfig"; path = "Target Support Files/Pods-iostestoneTests/Pods-iostestoneTests.release.xcconfig"; sourceTree = "<group>"; };
		36A13FAAA8999261802A189C /* Pods-iostestoneTests.debug.xcconfig */ = {isa = PBXFileReference; includeInIndex = 1; lastKnownFileType = text.xcconfig; name = "Pods-iostestoneTests.debug.xcconfig"; path = "Target Support Files/Pods-iostestoneTests/Pods-iostestoneTests.debug.xcconfig"; sourceTree = "<group>"; };
		44C9FF23779E3D3FC2B3845F /* Pods_iostestoneTests.framework */ = {isa = PBXFileReference; explicitFileType = wrapper.framework; includeInIndex = 0; path = Pods_iostestoneTests.framework; sourceTree = BUILT_PRODUCTS_DIR; };
		570111042DC1C00800E1CC62 /* iostestone.app */ = {isa = PBXFileReference; explicitFileType = wrapper.application; includeInIndex = 0; path = iostestone.app; sourceTree = BUILT_PRODUCTS_DIR; };
		5701111A2DC1C00B00E1CC62 /* iostestoneTests.xctest */ = {isa = PBXFileReference; explicitFileType = wrapper.cfbundle; includeInIndex = 0; path = iostestoneTests.xctest; sourceTree = BUILT_PRODUCTS_DIR; };
		570111242DC1C00B00E1CC62 /* iostestoneUITests.xctest */ = {isa = PBXFileReference; explicitFileType = wrapper.cfbundle; includeInIndex = 0; path = iostestoneUITests.xctest; sourceTree = BUILT_PRODUCTS_DIR; };
		5F5415E5106B557FD8D45449 /* Pods-iostestone.debug.xcconfig */ = {isa = PBXFileReference; includeInIndex = 1; lastKnownFileType = text.xcconfig; name = "Pods-iostestone.debug.xcconfig"; path = "Target Support Files/Pods-iostestone/Pods-iostestone.debug.xcconfig"; sourceTree = "<group>"; };
		8EDB5E847A433813970BBBA7 /* Pods-iostestone.release.xcconfig */ = {isa = PBXFileReference; includeInIndex = 1; lastKnownFileType = text.xcconfig; name = "Pods-iostestone.release.xcconfig"; path = "Target Support Files/Pods-iostestone/Pods-iostestone.release.xcconfig"; sourceTree = "<group>"; };
		BFF42E6A012BE981A1C56B0E /* Pods-iostestone-iostestoneUITests.debug.xcconfig */ = {isa = PBXFileReference; includeInIndex = 1; lastKnownFileType = text.xcconfig; name = "Pods-iostestone-iostestoneUITests.debug.xcconfig"; path = "Target Support Files/Pods-iostestone-iostestoneUITests/Pods-iostestone-iostestoneUITests.debug.xcconfig"; sourceTree = "<group>"; };
		DD6CD9F9C2C205D2EE6B2BF2 /* Pods_iostestone.framework */ = {isa = PBXFileReference; explicitFileType = wrapper.framework; includeInIndex = 0; path = Pods_iostestone.framework; sourceTree = BUILT_PRODUCTS_DIR; };
/* End PBXFileReference section */

/* Begin PBXFileSystemSynchronizedBuildFileExceptionSet section */
		5766A85D2DC4037200DADE17 /* Exceptions for "iostestone" folder in "iostestone" target */ = {
			isa = PBXFileSystemSynchronizedBuildFileExceptionSet;
			membershipExceptions = (
				Info.plist,
			);
			target = 570111032DC1C00800E1CC62 /* iostestone */;
		};
/* End PBXFileSystemSynchronizedBuildFileExceptionSet section */

/* Begin PBXFileSystemSynchronizedRootGroup section */
		5701111D2DC1C00B00E1CC62 /* iostestoneTests */ = {
			isa = PBXFileSystemSynchronizedRootGroup;
			path = iostestoneTests;
			sourceTree = "<group>";
		};
		570111272DC1C00B00E1CC62 /* iostestoneUITests */ = {
			isa = PBXFileSystemSynchronizedRootGroup;
			path = iostestoneUITests;
			sourceTree = "<group>";
		};
		5766A8432DC4037200DADE17 /* iostestone */ = {
			isa = PBXFileSystemSynchronizedRootGroup;
			exceptions = (
				5766A85D2DC4037200DADE17 /* Exceptions for "iostestone" folder in "iostestone" target */,
			);
			path = iostestone;
			sourceTree = "<group>";
		};
/* End PBXFileSystemSynchronizedRootGroup section */

/* Begin PBXFrameworksBuildPhase section */
		570111012DC1C00800E1CC62 /* Frameworks */ = {
			isa = PBXFrameworksBuildPhase;
			buildActionMask = 2147483647;
			files = (
				F183678E0CC791DB3B121688 /* Pods_iostestone.framework in Frameworks */,
			);
			runOnlyForDeploymentPostprocessing = 0;
		};
		570111172DC1C00B00E1CC62 /* Frameworks */ = {
			isa = PBXFrameworksBuildPhase;
			buildActionMask = 2147483647;
			files = (
				D465A41F40B56A67573D1646 /* Pods_iostestoneTests.framework in Frameworks */,
			);
			runOnlyForDeploymentPostprocessing = 0;
		};
		570111212DC1C00B00E1CC62 /* Frameworks */ = {
			isa = PBXFrameworksBuildPhase;
			buildActionMask = 2147483647;
			files = (
				1444ED2A75435191A47B389D /* Pods_iostestone_iostestoneUITests.framework in Frameworks */,
			);
			runOnlyForDeploymentPostprocessing = 0;
		};
/* End PBXFrameworksBuildPhase section */

/* Begin PBXGroup section */
		0EB82ED144C0D8CB55FEB4A7 /* Pods */ = {
			isa = PBXGroup;
			children = (
				5F5415E5106B557FD8D45449 /* Pods-iostestone.debug.xcconfig */,
				8EDB5E847A433813970BBBA7 /* Pods-iostestone.release.xcconfig */,
				BFF42E6A012BE981A1C56B0E /* Pods-iostestone-iostestoneUITests.debug.xcconfig */,
				0CFDFAEEE2D25BEC60B7B811 /* Pods-iostestone-iostestoneUITests.release.xcconfig */,
				36A13FAAA8999261802A189C /* Pods-iostestoneTests.debug.xcconfig */,
				2C1FA8B9192984F0AE7C48F7 /* Pods-iostestoneTests.release.xcconfig */,
			);
			path = Pods;
			sourceTree = "<group>";
		};
		570110FB2DC1C00800E1CC62 = {
			isa = PBXGroup;
			children = (
				5766A8432DC4037200DADE17 /* iostestone */,
				5701111D2DC1C00B00E1CC62 /* iostestoneTests */,
				570111272DC1C00B00E1CC62 /* iostestoneUITests */,
				570111052DC1C00800E1CC62 /* Products */,
				0EB82ED144C0D8CB55FEB4A7 /* Pods */,
				A2A794866B52E87245C615C3 /* Frameworks */,
			);
			sourceTree = "<group>";
		};
		570111052DC1C00800E1CC62 /* Products */ = {
			isa = PBXGroup;
			children = (
				570111042DC1C00800E1CC62 /* iostestone.app */,
				5701111A2DC1C00B00E1CC62 /* iostestoneTests.xctest */,
				570111242DC1C00B00E1CC62 /* iostestoneUITests.xctest */,
			);
			name = Products;
			sourceTree = "<group>";
		};
		A2A794866B52E87245C615C3 /* Frameworks */ = {
			isa = PBXGroup;
			children = (
				DD6CD9F9C2C205D2EE6B2BF2 /* Pods_iostestone.framework */,
				0E24C6BF39364156DEF42743 /* Pods_iostestone_iostestoneUITests.framework */,
				44C9FF23779E3D3FC2B3845F /* Pods_iostestoneTests.framework */,
			);
			name = Frameworks;
			sourceTree = "<group>";
		};
/* End PBXGroup section */

/* Begin PBXNativeTarget section */
		570111032DC1C00800E1CC62 /* iostestone */ = {
			isa = PBXNativeTarget;
			buildConfigurationList = 5701112D2DC1C00B00E1CC62 /* Build configuration list for PBXNativeTarget "iostestone" */;
			buildPhases = (
				E043E8A9E8DEE309F3CA8A6E /* [CP] Check Pods Manifest.lock */,
				570111002DC1C00800E1CC62 /* Sources */,
				570111012DC1C00800E1CC62 /* Frameworks */,
				570111022DC1C00800E1CC62 /* Resources */,
				89EC63FD3E9AA1673EED5A65 /* [CP] Embed Pods Frameworks */,
			);
			buildRules = (
			);
			dependencies = (
			);
			fileSystemSynchronizedGroups = (
				5766A8432DC4037200DADE17 /* iostestone */,
			);
			name = iostestone;
			productName = iostestone;
			productReference = 570111042DC1C00800E1CC62 /* iostestone.app */;
			productType = "com.apple.product-type.application";
		};
		570111192DC1C00B00E1CC62 /* iostestoneTests */ = {
			isa = PBXNativeTarget;
			buildConfigurationList = 570111322DC1C00B00E1CC62 /* Build configuration list for PBXNativeTarget "iostestoneTests" */;
			buildPhases = (
				CCFFB160EDC58127462482A8 /* [CP] Check Pods Manifest.lock */,
				570111162DC1C00B00E1CC62 /* Sources */,
				570111172DC1C00B00E1CC62 /* Frameworks */,
				570111182DC1C00B00E1CC62 /* Resources */,
				501628EA3F03A743D2260D1D /* [CP] Embed Pods Frameworks */,
			);
			buildRules = (
			);
			dependencies = (
				5701111C2DC1C00B00E1CC62 /* PBXTargetDependency */,
			);
			fileSystemSynchronizedGroups = (
				5701111D2DC1C00B00E1CC62 /* iostestoneTests */,
			);
			name = iostestoneTests;
			productName = iostestoneTests;
			productReference = 5701111A2DC1C00B00E1CC62 /* iostestoneTests.xctest */;
			productType = "com.apple.product-type.bundle.unit-test";
		};
		570111232DC1C00B00E1CC62 /* iostestoneUITests */ = {
			isa = PBXNativeTarget;
			buildConfigurationList = 570111352DC1C00B00E1CC62 /* Build configuration list for PBXNativeTarget "iostestoneUITests" */;
			buildPhases = (
				567BBF55A6A6772A349572E7 /* [CP] Check Pods Manifest.lock */,
				570111202DC1C00B00E1CC62 /* Sources */,
				570111212DC1C00B00E1CC62 /* Frameworks */,
				570111222DC1C00B00E1CC62 /* Resources */,
				3A48FD77AD74B5F3600B5A5C /* [CP] Embed Pods Frameworks */,
			);
			buildRules = (
			);
			dependencies = (
				570111262DC1C00B00E1CC62 /* PBXTargetDependency */,
			);
			fileSystemSynchronizedGroups = (
				570111272DC1C00B00E1CC62 /* iostestoneUITests */,
			);
			name = iostestoneUITests;
			productName = iostestoneUITests;
			productReference = 570111242DC1C00B00E1CC62 /* iostestoneUITests.xctest */;
			productType = "com.apple.product-type.bundle.ui-testing";
		};
/* End PBXNativeTarget section */

/* Begin PBXProject section */
		570110FC2DC1C00800E1CC62 /* Project object */ = {
			isa = PBXProject;
			attributes = {
				BuildIndependentTargetsInParallel = 1;
				LastSwiftUpdateCheck = 1610;
				LastUpgradeCheck = 1610;
				TargetAttributes = {
					570111032DC1C00800E1CC62 = {
						CreatedOnToolsVersion = 16.1;
					};
					570111192DC1C00B00E1CC62 = {
						CreatedOnToolsVersion = 16.1;
						TestTargetID = 570111032DC1C00800E1CC62;
					};
					570111232DC1C00B00E1CC62 = {
						CreatedOnToolsVersion = 16.1;
						TestTargetID = 570111032DC1C00800E1CC62;
					};
				};
			};
			buildConfigurationList = 570110FF2DC1C00800E1CC62 /* Build configuration list for PBXProject "iostestone" */;
			developmentRegion = en;
			hasScannedForEncodings = 0;
			knownRegions = (
				en,
				Base,
			);
			mainGroup = 570110FB2DC1C00800E1CC62;
			minimizedProjectReferenceProxies = 1;
			preferredProjectObjectVersion = 77;
			productRefGroup = 570111052DC1C00800E1CC62 /* Products */;
			projectDirPath = "";
			projectRoot = "";
			targets = (
				570111032DC1C00800E1CC62 /* iostestone */,
				570111192DC1C00B00E1CC62 /* iostestoneTests */,
				570111232DC1C00B00E1CC62 /* iostestoneUITests */,
			);
		};
/* End PBXProject section */

/* Begin PBXResourcesBuildPhase section */
		570111022DC1C00800E1CC62 /* Resources */ = {
			isa = PBXResourcesBuildPhase;
			buildActionMask = 2147483647;
			files = (
			);
			runOnlyForDeploymentPostprocessing = 0;
		};
		570111182DC1C00B00E1CC62 /* Resources */ = {
			isa = PBXResourcesBuildPhase;
			buildActionMask = 2147483647;
			files = (
			);
			runOnlyForDeploymentPostprocessing = 0;
		};
		570111222DC1C00B00E1CC62 /* Resources */ = {
			isa = PBXResourcesBuildPhase;
			buildActionMask = 2147483647;
			files = (
			);
			runOnlyForDeploymentPostprocessing = 0;
		};
/* End PBXResourcesBuildPhase section */

/* Begin PBXShellScriptBuildPhase section */
		3A48FD77AD74B5F3600B5A5C /* [CP] Embed Pods Frameworks */ = {
			isa = PBXShellScriptBuildPhase;
			buildActionMask = 2147483647;
			files = (
			);
			inputFileListPaths = (
				"${PODS_ROOT}/Target Support Files/Pods-iostestone-iostestoneUITests/Pods-iostestone-iostestoneUITests-frameworks-${CONFIGURATION}-input-files.xcfilelist",
			);
			name = "[CP] Embed Pods Frameworks";
			outputFileListPaths = (
				"${PODS_ROOT}/Target Support Files/Pods-iostestone-iostestoneUITests/Pods-iostestone-iostestoneUITests-frameworks-${CONFIGURATION}-output-files.xcfilelist",
			);
			runOnlyForDeploymentPostprocessing = 0;
			shellPath = /bin/sh;
			shellScript = "\"${PODS_ROOT}/Target Support Files/Pods-iostestone-iostestoneUITests/Pods-iostestone-iostestoneUITests-frameworks.sh\"\n";
			showEnvVarsInLog = 0;
		};
		501628EA3F03A743D2260D1D /* [CP] Embed Pods Frameworks */ = {
			isa = PBXShellScriptBuildPhase;
			buildActionMask = 2147483647;
			files = (
			);
			inputFileListPaths = (
				"${PODS_ROOT}/Target Support Files/Pods-iostestoneTests/Pods-iostestoneTests-frameworks-${CONFIGURATION}-input-files.xcfilelist",
			);
			name = "[CP] Embed Pods Frameworks";
			outputFileListPaths = (
				"${PODS_ROOT}/Target Support Files/Pods-iostestoneTests/Pods-iostestoneTests-frameworks-${CONFIGURATION}-output-files.xcfilelist",
			);
			runOnlyForDeploymentPostprocessing = 0;
			shellPath = /bin/sh;
			shellScript = "\"${PODS_ROOT}/Target Support Files/Pods-iostestoneTests/Pods-iostestoneTests-frameworks.sh\"\n";
			showEnvVarsInLog = 0;
		};
		567BBF55A6A6772A349572E7 /* [CP] Check Pods Manifest.lock */ = {
			isa = PBXShellScriptBuildPhase;
			buildActionMask = 2147483647;
			files = (
			);
			inputFileListPaths = (
			);
			inputPaths = (
				"${PODS_PODFILE_DIR_PATH}/Podfile.lock",
				"${PODS_ROOT}/Manifest.lock",
			);
			name = "[CP] Check Pods Manifest.lock";
			outputFileListPaths = (
			);
			outputPaths = (
				"$(DERIVED_FILE_DIR)/Pods-iostestone-iostestoneUITests-checkManifestLockResult.txt",
			);
			runOnlyForDeploymentPostprocessing = 0;
			shellPath = /bin/sh;
			shellScript = "diff \"${PODS_PODFILE_DIR_PATH}/Podfile.lock\" \"${PODS_ROOT}/Manifest.lock\" > /dev/null\nif [ $? != 0 ] ; then\n    # print error to STDERR\n    echo \"error: The sandbox is not in sync with the Podfile.lock. Run 'pod install' or update your CocoaPods installation.\" >&2\n    exit 1\nfi\n# This output is used by Xcode 'outputs' to avoid re-running this script phase.\necho \"SUCCESS\" > \"${SCRIPT_OUTPUT_FILE_0}\"\n";
			showEnvVarsInLog = 0;
		};
		89EC63FD3E9AA1673EED5A65 /* [CP] Embed Pods Frameworks */ = {
			isa = PBXShellScriptBuildPhase;
			buildActionMask = 2147483647;
			files = (
			);
			inputFileListPaths = (
				"${PODS_ROOT}/Target Support Files/Pods-iostestone/Pods-iostestone-frameworks-${CONFIGURATION}-input-files.xcfilelist",
			);
			name = "[CP] Embed Pods Frameworks";
			outputFileListPaths = (
				"${PODS_ROOT}/Target Support Files/Pods-iostestone/Pods-iostestone-frameworks-${CONFIGURATION}-output-files.xcfilelist",
			);
			runOnlyForDeploymentPostprocessing = 0;
			shellPath = /bin/sh;
			shellScript = "\"${PODS_ROOT}/Target Support Files/Pods-iostestone/Pods-iostestone-frameworks.sh\"\n";
			showEnvVarsInLog = 0;
		};
		CCFFB160EDC58127462482A8 /* [CP] Check Pods Manifest.lock */ = {
			isa = PBXShellScriptBuildPhase;
			buildActionMask = 2147483647;
			files = (
			);
			inputFileListPaths = (
			);
			inputPaths = (
				"${PODS_PODFILE_DIR_PATH}/Podfile.lock",
				"${PODS_ROOT}/Manifest.lock",
			);
			name = "[CP] Check Pods Manifest.lock";
			outputFileListPaths = (
			);
			outputPaths = (
				"$(DERIVED_FILE_DIR)/Pods-iostestoneTests-checkManifestLockResult.txt",
			);
			runOnlyForDeploymentPostprocessing = 0;
			shellPath = /bin/sh;
			shellScript = "diff \"${PODS_PODFILE_DIR_PATH}/Podfile.lock\" \"${PODS_ROOT}/Manifest.lock\" > /dev/null\nif [ $? != 0 ] ; then\n    # print error to STDERR\n    echo \"error: The sandbox is not in sync with the Podfile.lock. Run 'pod install' or update your CocoaPods installation.\" >&2\n    exit 1\nfi\n# This output is used by Xcode 'outputs' to avoid re-running this script phase.\necho \"SUCCESS\" > \"${SCRIPT_OUTPUT_FILE_0}\"\n";
			showEnvVarsInLog = 0;
		};
		E043E8A9E8DEE309F3CA8A6E /* [CP] Check Pods Manifest.lock */ = {
			isa = PBXShellScriptBuildPhase;
			buildActionMask = 2147483647;
			files = (
			);
			inputFileListPaths = (
			);
			inputPaths = (
				"${PODS_PODFILE_DIR_PATH}/Podfile.lock",
				"${PODS_ROOT}/Manifest.lock",
			);
			name = "[CP] Check Pods Manifest.lock";
			outputFileListPaths = (
			);
			outputPaths = (
				"$(DERIVED_FILE_DIR)/Pods-iostestone-checkManifestLockResult.txt",
			);
			runOnlyForDeploymentPostprocessing = 0;
			shellPath = /bin/sh;
			shellScript = "diff \"${PODS_PODFILE_DIR_PATH}/Podfile.lock\" \"${PODS_ROOT}/Manifest.lock\" > /dev/null\nif [ $? != 0 ] ; then\n    # print error to STDERR\n    echo \"error: The sandbox is not in sync with the Podfile.lock. Run 'pod install' or update your CocoaPods installation.\" >&2\n    exit 1\nfi\n# This output is used by Xcode 'outputs' to avoid re-running this script phase.\necho \"SUCCESS\" > \"${SCRIPT_OUTPUT_FILE_0}\"\n";
			showEnvVarsInLog = 0;
		};
/* End PBXShellScriptBuildPhase section */

/* Begin PBXSourcesBuildPhase section */
		570111002DC1C00800E1CC62 /* Sources */ = {
			isa = PBXSourcesBuildPhase;
			buildActionMask = 2147483647;
			files = (
			);
			runOnlyForDeploymentPostprocessing = 0;
		};
		570111162DC1C00B00E1CC62 /* Sources */ = {
			isa = PBXSourcesBuildPhase;
			buildActionMask = 2147483647;
			files = (
			);
			runOnlyForDeploymentPostprocessing = 0;
		};
		570111202DC1C00B00E1CC62 /* Sources */ = {
			isa = PBXSourcesBuildPhase;
			buildActionMask = 2147483647;
			files = (
			);
			runOnlyForDeploymentPostprocessing = 0;
		};
/* End PBXSourcesBuildPhase section */

/* Begin PBXTargetDependency section */
		5701111C2DC1C00B00E1CC62 /* PBXTargetDependency */ = {
			isa = PBXTargetDependency;
			target = 570111032DC1C00800E1CC62 /* iostestone */;
			targetProxy = 5701111B2DC1C00B00E1CC62 /* PBXContainerItemProxy */;
		};
		570111262DC1C00B00E1CC62 /* PBXTargetDependency */ = {
			isa = PBXTargetDependency;
			target = 570111032DC1C00800E1CC62 /* iostestone */;
			targetProxy = 570111252DC1C00B00E1CC62 /* PBXContainerItemProxy */;
		};
/* End PBXTargetDependency section */

/* Begin XCBuildConfiguration section */
		5701112E2DC1C00B00E1CC62 /* Debug */ = {
			isa = XCBuildConfiguration;
			baseConfigurationReference = 5F5415E5106B557FD8D45449 /* Pods-iostestone.debug.xcconfig */;
			buildSettings = {
				ASSETCATALOG_COMPILER_APPICON_NAME = AppIcon;
				ASSETCATALOG_COMPILER_GLOBAL_ACCENT_COLOR_NAME = AccentColor;
				CODE_SIGN_STYLE = Automatic;
				CURRENT_PROJECT_VERSION = 1;
				DEVELOPMENT_TEAM = 774FS6FR6L;
				ENABLE_USER_SCRIPT_SANDBOXING = NO;
				GENERATE_INFOPLIST_FILE = YES;
				INFOPLIST_FILE = iostestone/Info.plist;
				INFOPLIST_KEY_UIApplicationSupportsIndirectInputEvents = YES;
				INFOPLIST_KEY_UILaunchStoryboardName = LaunchScreen;
				INFOPLIST_KEY_UISupportedInterfaceOrientations_iPad = "UIInterfaceOrientationPortrait UIInterfaceOrientationPortraitUpsideDown UIInterfaceOrientationLandscapeLeft UIInterfaceOrientationLandscapeRight";
				INFOPLIST_KEY_UISupportedInterfaceOrientations_iPhone = "UIInterfaceOrientationPortrait UIInterfaceOrientationLandscapeLeft UIInterfaceOrientationLandscapeRight";
				LD_RUNPATH_SEARCH_PATHS = (
					"$(inherited)",
					"@executable_path/Frameworks",
				);
				MARKETING_VERSION = 1.0;
				PRODUCT_BUNDLE_IDENTIFIER = com.renafa.iostestone;
				PRODUCT_NAME = "$(TARGET_NAME)";
				SWIFT_EMIT_LOC_STRINGS = YES;
				SWIFT_VERSION = 5.0;
				TARGETED_DEVICE_FAMILY = "1,2";
			};
			name = Debug;
		};
		5701112F2DC1C00B00E1CC62 /* Release */ = {
			isa = XCBuildConfiguration;
			baseConfigurationReference = 8EDB5E847A433813970BBBA7 /* Pods-iostestone.release.xcconfig */;
			buildSettings = {
				ASSETCATALOG_COMPILER_APPICON_NAME = AppIcon;
				ASSETCATALOG_COMPILER_GLOBAL_ACCENT_COLOR_NAME = AccentColor;
				CODE_SIGN_STYLE = Automatic;
				CURRENT_PROJECT_VERSION = 1;
				DEVELOPMENT_TEAM = 774FS6FR6L;
				ENABLE_USER_SCRIPT_SANDBOXING = NO;
				GENERATE_INFOPLIST_FILE = YES;
				INFOPLIST_FILE = iostestone/Info.plist;
				INFOPLIST_KEY_UIApplicationSupportsIndirectInputEvents = YES;
				INFOPLIST_KEY_UILaunchStoryboardName = LaunchScreen;
				INFOPLIST_KEY_UISupportedInterfaceOrientations_iPad = "UIInterfaceOrientationPortrait UIInterfaceOrientationPortraitUpsideDown UIInterfaceOrientationLandscapeLeft UIInterfaceOrientationLandscapeRight";
				INFOPLIST_KEY_UISupportedInterfaceOrientations_iPhone = "UIInterfaceOrientationPortrait UIInterfaceOrientationLandscapeLeft UIInterfaceOrientationLandscapeRight";
				LD_RUNPATH_SEARCH_PATHS = (
					"$(inherited)",
					"@executable_path/Frameworks",
				);
				MARKETING_VERSION = 1.0;
				PRODUCT_BUNDLE_IDENTIFIER = com.renafa.iostestone;
				PRODUCT_NAME = "$(TARGET_NAME)";
				SWIFT_EMIT_LOC_STRINGS = YES;
				SWIFT_VERSION = 5.0;
				TARGETED_DEVICE_FAMILY = "1,2";
			};
			name = Release;
		};
		570111302DC1C00B00E1CC62 /* Debug */ = {
			isa = XCBuildConfiguration;
			buildSettings = {
				ALWAYS_SEARCH_USER_PATHS = NO;
				ASSETCATALOG_COMPILER_GENERATE_SWIFT_ASSET_SYMBOL_EXTENSIONS = YES;
				CLANG_ANALYZER_NONNULL = YES;
				CLANG_ANALYZER_NUMBER_OBJECT_CONVERSION = YES_AGGRESSIVE;
				CLANG_CXX_LANGUAGE_STANDARD = "gnu++20";
				CLANG_ENABLE_MODULES = YES;
				CLANG_ENABLE_OBJC_ARC = YES;
				CLANG_ENABLE_OBJC_WEAK = YES;
				CLANG_WARN_BLOCK_CAPTURE_AUTORELEASING = YES;
				CLANG_WARN_BOOL_CONVERSION = YES;
				CLANG_WARN_COMMA = YES;
				CLANG_WARN_CONSTANT_CONVERSION = YES;
				CLANG_WARN_DEPRECATED_OBJC_IMPLEMENTATIONS = YES;
				CLANG_WARN_DIRECT_OBJC_ISA_USAGE = YES_ERROR;
				CLANG_WARN_DOCUMENTATION_COMMENTS = YES;
				CLANG_WARN_EMPTY_BODY = YES;
				CLANG_WARN_ENUM_CONVERSION = YES;
				CLANG_WARN_INFINITE_RECURSION = YES;
				CLANG_WARN_INT_CONVERSION = YES;
				CLANG_WARN_NON_LITERAL_NULL_CONVERSION = YES;
				CLANG_WARN_OBJC_IMPLICIT_RETAIN_SELF = YES;
				CLANG_WARN_OBJC_LITERAL_CONVERSION = YES;
				CLANG_WARN_OBJC_ROOT_CLASS = YES_ERROR;
				CLANG_WARN_QUOTED_INCLUDE_IN_FRAMEWORK_HEADER = YES;
				CLANG_WARN_RANGE_LOOP_ANALYSIS = YES;
				CLANG_WARN_STRICT_PROTOTYPES = YES;
				CLANG_WARN_SUSPICIOUS_MOVE = YES;
				CLANG_WARN_UNGUARDED_AVAILABILITY = YES_AGGRESSIVE;
				CLANG_WARN_UNREACHABLE_CODE = YES;
				CLANG_WARN__DUPLICATE_METHOD_MATCH = YES;
				COPY_PHASE_STRIP = NO;
				DEBUG_INFORMATION_FORMAT = dwarf;
				ENABLE_STRICT_OBJC_MSGSEND = YES;
				ENABLE_TESTABILITY = YES;
				ENABLE_USER_SCRIPT_SANDBOXING = NO;
				GCC_C_LANGUAGE_STANDARD = gnu17;
				GCC_DYNAMIC_NO_PIC = NO;
				GCC_NO_COMMON_BLOCKS = YES;
				GCC_OPTIMIZATION_LEVEL = 0;
				GCC_PREPROCESSOR_DEFINITIONS = (
					"DEBUG=1",
					"$(inherited)",
				);
				GCC_WARN_64_TO_32_BIT_CONVERSION = YES;
				GCC_WARN_ABOUT_RETURN_TYPE = YES_ERROR;
				GCC_WARN_UNDECLARED_SELECTOR = YES;
				GCC_WARN_UNINITIALIZED_AUTOS = YES_AGGRESSIVE;
				GCC_WARN_UNUSED_FUNCTION = YES;
				GCC_WARN_UNUSED_VARIABLE = YES;
				IPHONEOS_DEPLOYMENT_TARGET = 18.1;
				LOCALIZATION_PREFERS_STRING_CATALOGS = YES;
				MTL_ENABLE_DEBUG_INFO = INCLUDE_SOURCE;
				MTL_FAST_MATH = YES;
				ONLY_ACTIVE_ARCH = YES;
				SDKROOT = iphoneos;
				SWIFT_ACTIVE_COMPILATION_CONDITIONS = "DEBUG $(inherited)";
				SWIFT_OPTIMIZATION_LEVEL = "-Onone";
			};
			name = Debug;
		};
		570111312DC1C00B00E1CC62 /* Release */ = {
			isa = XCBuildConfiguration;
			buildSettings = {
				ALWAYS_SEARCH_USER_PATHS = NO;
				ASSETCATALOG_COMPILER_GENERATE_SWIFT_ASSET_SYMBOL_EXTENSIONS = YES;
				CLANG_ANALYZER_NONNULL = YES;
				CLANG_ANALYZER_NUMBER_OBJECT_CONVERSION = YES_AGGRESSIVE;
				CLANG_CXX_LANGUAGE_STANDARD = "gnu++20";
				CLANG_ENABLE_MODULES = YES;
				CLANG_ENABLE_OBJC_ARC = YES;
				CLANG_ENABLE_OBJC_WEAK = YES;
				CLANG_WARN_BLOCK_CAPTURE_AUTORELEASING = YES;
				CLANG_WARN_BOOL_CONVERSION = YES;
				CLANG_WARN_COMMA = YES;
				CLANG_WARN_CONSTANT_CONVERSION = YES;
				CLANG_WARN_DEPRECATED_OBJC_IMPLEMENTATIONS = YES;
				CLANG_WARN_DIRECT_OBJC_ISA_USAGE = YES_ERROR;
				CLANG_WARN_DOCUMENTATION_COMMENTS = YES;
				CLANG_WARN_EMPTY_BODY = YES;
				CLANG_WARN_ENUM_CONVERSION = YES;
				CLANG_WARN_INFINITE_RECURSION = YES;
				CLANG_WARN_INT_CONVERSION = YES;
				CLANG_WARN_NON_LITERAL_NULL_CONVERSION = YES;
				CLANG_WARN_OBJC_IMPLICIT_RETAIN_SELF = YES;
				CLANG_WARN_OBJC_LITERAL_CONVERSION = YES;
				CLANG_WARN_OBJC_ROOT_CLASS = YES_ERROR;
				CLANG_WARN_QUOTED_INCLUDE_IN_FRAMEWORK_HEADER = YES;
				CLANG_WARN_RANGE_LOOP_ANALYSIS = YES;
				CLANG_WARN_STRICT_PROTOTYPES = YES;
				CLANG_WARN_SUSPICIOUS_MOVE = YES;
				CLANG_WARN_UNGUARDED_AVAILABILITY = YES_AGGRESSIVE;
				CLANG_WARN_UNREACHABLE_CODE = YES;
				CLANG_WARN__DUPLICATE_METHOD_MATCH = YES;
				COPY_PHASE_STRIP = NO;
				DEBUG_INFORMATION_FORMAT = "dwarf-with-dsym";
				ENABLE_NS_ASSERTIONS = NO;
				ENABLE_STRICT_OBJC_MSGSEND = YES;
				ENABLE_USER_SCRIPT_SANDBOXING = NO;
				GCC_C_LANGUAGE_STANDARD = gnu17;
				GCC_NO_COMMON_BLOCKS = YES;
				GCC_WARN_64_TO_32_BIT_CONVERSION = YES;
				GCC_WARN_ABOUT_RETURN_TYPE = YES_ERROR;
				GCC_WARN_UNDECLARED_SELECTOR = YES;
				GCC_WARN_UNINITIALIZED_AUTOS = YES_AGGRESSIVE;
				GCC_WARN_UNUSED_FUNCTION = YES;
				GCC_WARN_UNUSED_VARIABLE = YES;
				IPHONEOS_DEPLOYMENT_TARGET = 18.1;
				LOCALIZATION_PREFERS_STRING_CATALOGS = YES;
				MTL_ENABLE_DEBUG_INFO = NO;
				MTL_FAST_MATH = YES;
				SDKROOT = iphoneos;
				SWIFT_COMPILATION_MODE = wholemodule;
				VALIDATE_PRODUCT = YES;
			};
			name = Release;
		};
		570111332DC1C00B00E1CC62 /* Debug */ = {
			isa = XCBuildConfiguration;
			baseConfigurationReference = 36A13FAAA8999261802A189C /* Pods-iostestoneTests.debug.xcconfig */;
			buildSettings = {
				BUNDLE_LOADER = "$(TEST_HOST)";
				CODE_SIGN_STYLE = Automatic;
				CURRENT_PROJECT_VERSION = 1;
				DEVELOPMENT_TEAM = 774FS6FR6L;
				GENERATE_INFOPLIST_FILE = YES;
				IPHONEOS_DEPLOYMENT_TARGET = 18.1;
				MARKETING_VERSION = 1.0;
				PRODUCT_BUNDLE_IDENTIFIER = com.renafa.iostestoneTests;
				PRODUCT_NAME = "$(TARGET_NAME)";
				SWIFT_EMIT_LOC_STRINGS = NO;
				SWIFT_VERSION = 5.0;
				TARGETED_DEVICE_FAMILY = "1,2";
				TEST_HOST = "$(BUILT_PRODUCTS_DIR)/iostestone.app/$(BUNDLE_EXECUTABLE_FOLDER_PATH)/iostestone";
			};
			name = Debug;
		};
		570111342DC1C00B00E1CC62 /* Release */ = {
			isa = XCBuildConfiguration;
			baseConfigurationReference = 2C1FA8B9192984F0AE7C48F7 /* Pods-iostestoneTests.release.xcconfig */;
			buildSettings = {
				BUNDLE_LOADER = "$(TEST_HOST)";
				CODE_SIGN_STYLE = Automatic;
				CURRENT_PROJECT_VERSION = 1;
				DEVELOPMENT_TEAM = 774FS6FR6L;
				GENERATE_INFOPLIST_FILE = YES;
				IPHONEOS_DEPLOYMENT_TARGET = 18.1;
				MARKETING_VERSION = 1.0;
				PRODUCT_BUNDLE_IDENTIFIER = com.renafa.iostestoneTests;
				PRODUCT_NAME = "$(TARGET_NAME)";
				SWIFT_EMIT_LOC_STRINGS = NO;
				SWIFT_VERSION = 5.0;
				TARGETED_DEVICE_FAMILY = "1,2";
				TEST_HOST = "$(BUILT_PRODUCTS_DIR)/iostestone.app/$(BUNDLE_EXECUTABLE_FOLDER_PATH)/iostestone";
			};
			name = Release;
		};
		570111362DC1C00B00E1CC62 /* Debug */ = {
			isa = XCBuildConfiguration;
			baseConfigurationReference = BFF42E6A012BE981A1C56B0E /* Pods-iostestone-iostestoneUITests.debug.xcconfig */;
			buildSettings = {
				CODE_SIGN_STYLE = Automatic;
				CURRENT_PROJECT_VERSION = 1;
				DEVELOPMENT_TEAM = 774FS6FR6L;
				GENERATE_INFOPLIST_FILE = YES;
				MARKETING_VERSION = 1.0;
				PRODUCT_BUNDLE_IDENTIFIER = com.renafa.iostestoneUITests;
				PRODUCT_NAME = "$(TARGET_NAME)";
				SWIFT_EMIT_LOC_STRINGS = NO;
				SWIFT_VERSION = 5.0;
				TARGETED_DEVICE_FAMILY = "1,2";
				TEST_TARGET_NAME = iostestone;
			};
			name = Debug;
		};
		570111372DC1C00B00E1CC62 /* Release */ = {
			isa = XCBuildConfiguration;
			baseConfigurationReference = 0CFDFAEEE2D25BEC60B7B811 /* Pods-iostestone-iostestoneUITests.release.xcconfig */;
			buildSettings = {
				CODE_SIGN_STYLE = Automatic;
				CURRENT_PROJECT_VERSION = 1;
				DEVELOPMENT_TEAM = 774FS6FR6L;
				GENERATE_INFOPLIST_FILE = YES;
				MARKETING_VERSION = 1.0;
				PRODUCT_BUNDLE_IDENTIFIER = com.renafa.iostestoneUITests;
				PRODUCT_NAME = "$(TARGET_NAME)";
				SWIFT_EMIT_LOC_STRINGS = NO;
				SWIFT_VERSION = 5.0;
				TARGETED_DEVICE_FAMILY = "1,2";
				TEST_TARGET_NAME = iostestone;
			};
			name = Release;
		};
/* End XCBuildConfiguration section */

/* Begin XCConfigurationList section */
		570110FF2DC1C00800E1CC62 /* Build configuration list for PBXProject "iostestone" */ = {
			isa = XCConfigurationList;
			buildConfigurations = (
				570111302DC1C00B00E1CC62 /* Debug */,
				570111312DC1C00B00E1CC62 /* Release */,
			);
			defaultConfigurationIsVisible = 0;
			defaultConfigurationName = Release;
		};
		5701112D2DC1C00B00E1CC62 /* Build configuration list for PBXNativeTarget "iostestone" */ = {
			isa = XCConfigurationList;
			buildConfigurations = (
				5701112E2DC1C00B00E1CC62 /* Debug */,
				5701112F2DC1C00B00E1CC62 /* Release */,
			);
			defaultConfigurationIsVisible = 0;
			defaultConfigurationName = Release;
		};
		570111322DC1C00B00E1CC62 /* Build configuration list for PBXNativeTarget "iostestoneTests" */ = {
			isa = XCConfigurationList;
			buildConfigurations = (
				570111332DC1C00B00E1CC62 /* Debug */,
				570111342DC1C00B00E1CC62 /* Release */,
			);
			defaultConfigurationIsVisible = 0;
			defaultConfigurationName = Release;
		};
		570111352DC1C00B00E1CC62 /* Build configuration list for PBXNativeTarget "iostestoneUITests" */ = {
			isa = XCConfigurationList;
			buildConfigurations = (
				570111362DC1C00B00E1CC62 /* Debug */,
				570111372DC1C00B00E1CC62 /* Release */,
			);
			defaultConfigurationIsVisible = 0;
			defaultConfigurationName = Release;
		};
/* End XCConfigurationList section */
	};
	rootObject = 570110FC2DC1C00800E1CC62 /* Project object */;
}
